{
  "name": "winmemorycleaner-website",
  "version": "1.0.0",
  "lockfileVersion": 3,
  "requires": true,
  "packages": {
    "": {
      "name": "winmemorycleaner-website",
      "version": "1.0.0",
      "license": "ISC",
      "devDependencies": {
        "tailwindcss": "^3.4.3"
      }
    },
    "node_modules/arg": {
      "version": "5.0.2",
      "resolved": "https://registry.npmjs.org/arg/-/arg-5.0.2.tgz",
      "integrity": "sha512-ZY9LqfFcpsXazouETzB4Ea02a+a4PEJ9YIunTucemNMJeYU72S8IHeJrXNF9lX1T2b51L5L425K2v2n2HjQ/dg==",
      "dev": true
    },
    "node_modules/braces": {
      "version": "3.0.3",
      "resolved": "https://registry.npmjs.org/braces/-/braces-3.0.3.tgz",
      "integrity": "sha512-b8um+L1RzM3WDSzvhm6gIz1yfTbBt6YTlcEKavcU0EBidpLzzEVf0C7DEzaHZ21jAEO42z5C3MmVTIunwL77mA==",
      "dev": true,
      "dependencies": {
        "fill-range": "^7.0.1"
      },
      "engines": {
        "node": ">=8"
      }
    },
    "node_modules/chokidar": {
      "version": "3.6.0",
      "resolved": "https://registry.npmjs.org/chokidar/-/chokidar-3.6.0.tgz",
      "integrity": "sha512-7VT13fmJBnEaYSBqrL32mbuBvyS2+845s2TbsfQAGfM3YvN30oQdMA3G5oJb2ZkPZ28eTjSoK2TAbY5Kj2txwA==",
      "dev": true,
      "dependencies": {
        "anymatch": "~3.1.2",
        "braces": "~3.0.3",
        "glob-parent": "~5.1.2",
        "is-binary-path": "~2.1.0",
        "is-glob": "~4.0.3",
        "normalize-path": "~3.0.0",
        "readdirp": "~3.6.0"
      },
      "engines": {
        "node": ">= 8.10.0"
      },
      "funding": {
        "url": "https://paulmillr.com/funding/"
      },
      "optionalDependencies": {
        "fsevents": "~2.3.2"
      }
    },
    "node_modules/didyoumean": {
      "version": "1.2.2",
      "resolved": "https://registry.npmjs.org/didyoumean/-/didyoumean-1.2.2.tgz",
      "integrity": "sha512-iek9+bN5DEo2wBfUhwSjvwjuyZbKPEYEsmEX3oG2rZgaStwA0bQvGBDsoAE40iQ8EERzC5zU64rK6MrW5CFh6w==",
      "dev": true
    },
    "node_modules/dlv": {
      "version": "1.1.3",
      "resolved": "https://registry.npmjs.org/dlv/-/dlv-1.1.3.tgz",
      "integrity": "sha512-OmdxnIu14e323bK4a9T4sF2nQo2t2o2gIe9fL33h32rgYclindv1k1e3Sr0S9b5R/5wyKz4O302m3N1245Tjg==",
      "dev": true
    },
    "node_modules/fast-glob": {
      "version": "3.3.2",
      "resolved": "https://registry.npmjs.org/fast-glob/-/fast-glob-3.3.2.tgz",
      "integrity": "sha512-oX2ruAFQwf/Orj8m737Y5adxYc7VL3wClS8d/23A6kHk7zDy5J+2U/IAQ6emTL8ERM3sR1s0o9sBw+2nIuKPHg==",
      "dev": true,
      "dependencies": {
        "@nodelib/fs.stat": "^2.0.2",
        "@nodelib/fs.walk": "^1.2.3",
        "glob-parent": "^5.1.2",
        "micromatch": "^4.0.8",
        "merge2": "^1.3.0"
      },
      "engines": {
        "node": ">=8.6.0"
      }
    },
    "node_modules/fill-range": {
      "version": "7.0.1",
      "resolved": "https://registry.npmjs.org/fill-range/-/fill-range-7.0.1.tgz",
      "integrity": "sha512-qOo9F+dMtkC+iCBPLpeVOaXPMBPiApKchcrAKhUuZdbcLNMvA6DbGVgoB24XEXPLnGnWOzu/3eGFcpNB6w0JcQ==",
      "dev": true,
      "dependencies": {
        "to-regex-range": "^5.0.1"
      },
      "engines": {
        "node": ">=8"
      }
    },
    "node_modules/fsevents": {
      "version": "2.3.3",
      "resolved": "https://registry.npmjs.org/fsevents/-/fsevents-2.3.3.tgz",
      "integrity": "sha512-5XPJWn/lE4A6MC2fKOhq2dO0xAG81sLz0S02sC8Uj2bCfnDDjGe/bI94WT4pTf422/iX/EmA3hwdk722jBf+wA==",
      "dev": true,
      "hasInstallScript": true,
      "optional": true,
      "os": [
        "darwin"
      ],
      "engines": {
        "node": "^8.16.0 || ^10.6.0 || >=11.0.0"
      }
    },
    "node_modules/glob-parent": {
      "version": "5.1.2",
      "resolved": "https://registry.npmjs.org/glob-parent/-/glob-parent-5.1.2.tgz",
      "integrity": "sha512-AOIgSQCepiJYwP3ARGejWwaCmN34AWIAe+wewok3HgTeFE96eE1ZtDJQfwsAokrInp6Ht37eCebq8Wk1bFoCEw==",
      "dev": true,
      "dependencies": {
        "is-glob": "^4.0.1"
      },
      "engines": {
        "node": ">= 6"
      }
    },
    "node_modules/is-binary-path": {
      "version": "2.1.0",
      "resolved": "https://registry.npmjs.org/is-binary-path/-/is-binary-path-2.1.0.tgz",
      "integrity": "sha512-Zz/PGcImbJvJtCaXpU5o0rknDk3hMS3MFd0g2V737JPeNBd7iDel/IE3m2S/fr/i9weML2+3hA3Z/w4s+pCltw==",
      "dev": true,
      "dependencies": {
        "binary-extensions": "^2.0.0"
      },
      "engines": {
        "node": ">=8"
      }
    },
    "node_modules/is-extglob": {
      "version": "2.1.1",
      "resolved": "https://registry.npmjs.org/is-extglob/-/is-extglob-2.1.1.tgz",
      "integrity": "sha512-SbKbANkN603ViZTkEo3Q92g8AbxTEJdCCL1zG3WYaXbB101y0hAnwA7b9S9dDIa7Ed3g3sflitOKh3e67w0lVA==",
      "dev": true,
      "engines": {
        "node": ">=0.10.0"
      }
    },
    "node_modules/is-glob": {
      "version": "4.0.3",
      "resolved": "https://registry.npmjs.org/is-glob/-/is-glob-4.0.3.tgz",
      "integrity": "sha512-xelSayIuYgC0w2U2w0I0wGvT3QQxU1KOLxrBf6dnHfVVs1we+O6w3h5w5hW56hHNb/lyJbgaT4xpS1UA82s5w==",
      "dev": true,
      "dependencies": {
        "is-extglob": "^2.1.1"
      },
      "engines": {
        "node": ">=0.10.0"
      }
    },
    "node_modules/is-number": {
      "version": "7.0.0",
      "resolved": "https://registry.npmjs.org/is-number/-/is-number-7.0.0.tgz",
      "integrity": "sha512-41Cifkg6e8TylSpdtTpeLVMqvSBEVzTttHvERD741d2ANNbLI/YNvr9w9ZXARSvd9KPkbp/kOIsAwflTNfZoIg==",
      "dev": true,
      "engines": {
        "node": ">=0.12.0"
      }
    },
    "node_modules/lilconfig": {
      "version": "2.1.0",
      "resolved": "https://registry.npmjs.org/lilconfig/-/lilconfig-2.1.0.tgz",
      "integrity": "sha512-utWOt/GHzuUeC617UfKi6I+2ZzUj730sZ4QhYdxsYd74g2sQfh5Qcjp+jM36fup5WdrcsIOEn5W2j4s52a0wug==",
      "dev": true,
      "engines": {
        "node": ">=10"
      }
    },
    "node_modules/merge2": {
      "version": "1.4.1",
      "resolved": "https://registry.npmjs.org/merge2/-/merge2-1.4.1.tgz",
      "integrity": "sha512-ES/E0W+B1dQvNyziy9gA0O/8o4SOfS82bPE6VPy2c4OQzBv4oYdhOAJDC+iI3sT4i/B2E43v1T+GzS3s3hA+wA==",
      "dev": true,
      "engines": {
        "node": ">= 8"
      }
    },
    "node_modules/micromatch": {
      "version": "4.0.8",
      "resolved": "https://registry.npmjs.org/micromatch/-/micromatch-4.0.8.tgz",
      "integrity": "sha512-D12nSPbAAiJdCGFpxU0F341A2o8GnmD01P2p2eT42xWn6S2x72aIe6gXgo3b9kHkAJw/aazbM3v1wA==",
      "dev": true,
      "dependencies": {
        "braces": "^3.0.3",
        "picomatch": "^2.3.1"
      },
      "engines": {
        "node": ">=8.6"
      }
    },
    "node_modules/normalize-path": {
      "version": "3.0.0",
      "resolved": "https://registry.npmjs.org/normalize-path/-/normalize-path-3.0.0.tgz",
      "integrity": "sha512-6ePa5oQ6qgVigVLhwTtJQm+OARftgiinPzqsUpN9fbKHiLgLmsSSyWrxU4DGd2p3lRfwGeL5b+W2B2T6TU75xQ==",
      "dev": true,
      "engines": {
        "node": ">=0.10.0"
      }
    },
    "node_modules/object-hash": {
      "version": "3.0.0",
      "resolved": "https://registry.npmjs.org/object-hash/-/object-hash-3.0.0.tgz",
      "integrity": "sha512-RSn9F68PjH9HqtltsSnqYC1XXoWesTMowk+0bKJsMRD5bhy1AJQgDgojPxgMSu3mW9GG5gBfJzO6sLdC2a+D7g==",
      "dev": true,
      "engines": {
        "node": ">= 6"
      }
    },
    "node_modules/picocolors": {
      "version": "1.0.0",
      "resolved": "https://registry.npmjs.org/picocolors/-/picocolors-1.0.0.tgz",
      "integrity": "sha512-1fygroTLlHu66zi26VoTDv8yRgm0Fccecssto+MhsZ0D/DGW2sm8E8AjW7NU5UdTRoHPHvnzH72EGz94EaRN2w==",
      "dev": true
    },
    "node_modules/picomatch": {
      "version": "2.3.1",
      "resolved": "https://registry.npmjs.org/picomatch/-/picomatch-2.3.1.tgz",
      "integrity": "sha512-JU3teI6mRjkTOEcRego4e/EAtoncKJWKV3G2bMEUIhY/Xk+S8GELwSg/M3I2FMaHZGmslVnweZ2yXmO+qsrwYQ==",
      "dev": true,
      "engines": {
        "node": ">=8.6"
      }
    },
    "node_modules/postcss": {
      "version": "8.4.38",
      "resolved": "https://registry.npmjs.org/postcss/-/postcss-8.4.38.tgz",
      "integrity": "sha512-addJnrjTKi387r3IMmP9KsrLz2A/3fCrdE3prGvYO333Ecy1g32H42iV3iGppFEr32fOBtX+BIqs2eJFAi3wlg==",
      "dev": true,
      "dependencies": {
        "nanoid": "^3.3.7",
        "picocolors": "^1.0.0",
        "source-map-js": "^1.2.0"
      },
      "engines": {
        "node": "^12 || ^14 || >=16"
      },
      "funding": {
        "type": "opencollective",
        "url": "https://opencollective.com/postcss/"
      }
    },
    "node_modules/postcss-import": {
      "version": "15.1.0",
      "resolved": "https://registry.npmjs.org/postcss-import/-/postcss-import-15.1.0.tgz",
      "integrity": "sha512-hpr+ZIzY+uD2TwIb+i+s0F842u+323K8P8T5Z5wY4MRw4aGv2x+w1h7YgffoMhOB2g2pT0kthk+w2qRk1A4wA==",
      "dev": true,
      "dependencies": {
        "postcss-value-parser": "^4.2.0",
        "read-cache": "^1.0.0",
        "resolve": "^1.22.2"
      },
      "engines": {
        "node": ">=14.0.0"
      },
      "peerDependencies": {
        "postcss": "^8.0.0"
      }
    },
    "node_modules/postcss-js": {
      "version": "4.0.1",
      "resolved": "https://registry.npmjs.org/postcss-js/-/postcss-js-4.0.1.tgz",
      "integrity": "sha512-dDLFh3gorn3I2soII22g0O9sVnU2E2lX3aM8A3eEGjMh2ymed3p6i4/sR4i9D6aYf94s2i04wV2w7u1j2pGtQ==",
      "dev": true,
      "engines": {
        "node": "^12 || ^14 || >=16"
      },
      "peerDependencies": {
        "postcss": "^8.4.12"
      }
    },
    "node_modules/postcss-load-config": {
      "version": "4.0.2",
      "resolved": "https://registry.npmjs.org/postcss-load-config/-/postcss-load-config-4.0.2.tgz",
      "integrity": "sha512-bH9EMxdhY1TfG2/422c5yT2zD8cKTCv2eX2i/ukzKUDfM22a3w2a2gVn1TzT+2GvB2wXy2xltb1+JkM3gRz2A==",
      "dev": true,
      "dependencies": {
        "lilconfig": "^2.1.0",
        "yaml": "^2.2.2"
      },
      "engines": {
        "node": ">= 14"
      },
      "peerDependencies": {
        "postcss": ">=8.0.0",
        "ts-node": ">=9.0.0"
      },
      "peerDependenciesMeta": {
        "ts-node": {
          "optional": true
        }
      }
    },
    "node_modules/postcss-nested": {
      "version": "6.0.1",
      "resolved": "https://registry.npmjs.org/postcss-nested/-/postcss-nested-6.0.1.tgz",
      "integrity": "sha512-mSOWgKNOiMvB+k+Qd4I5LdC0w8Oft2e8sT5nN593oFvADfStA+wPlsZar22Y2PEAb4h+w3i8T+9w22rb22s2w==",
      "dev": true,
      "dependencies": {
        "postcss-selector-parser": "^6.0.10"
      },
      "engines": {
        "node": ">=12.0"
      },
      "peerDependencies": {
        "postcss": "^8.2.14"
      }
    },
    "node_modules/postcss-selector-parser": {
      "version": "6.0.13",
      "resolved": "https://registry.npmjs.org/postcss-selector-parser/-/postcss-selector-parser-6.0.13.tgz",
      "integrity": "sha512-EaV5Qfe3UOk3gg9wMM22z22e/5zTq43w3KxH2iUe2s3z98gG3gmu4I6wY8p1b2I2ILiPwxp3/22Epv58g22w==",
      "dev": true,
      "dependencies": {
        "cssesc": "^3.0.0",
        "util-deprecate": "^1.0.2"
      },
      "engines": {
        "node": ">=6.0"
      }
    },
    "node_modules/postcss-value-parser": {
      "version": "4.2.0",
      "resolved": "https://registry.npmjs.org/postcss-value-parser/-/postcss-value-parser-4.2.0.tgz",
      "integrity": "sha512-1NNCs6uurfkVbeXG4SwJ5xka2KXwpUvx1iHwpRhtqF/mwd9r21qf4getY2r/OWp4l6e+P/CH9rK+w17i3zDCrw==",
      "dev": true
    },
    "node_modules/queue-microtask": {
      "version": "1.2.3",
      "resolved": "https://registry.npmjs.org/queue-microtask/-/queue-microtask-1.2.3.tgz",
      "integrity": "sha512-NuaNSa6flKT5JaSYQzJok04JzTL1CA6aGhv5rfLW3PgqA+M2ChpZQnAC8h8i4ZFkBS8bKjwnJd45s/vA+G33/g==",
      "dev": true,
      "funding": [
        {
          "type": "github",
          "url": "https://github.com/sponsors/feross"
        },
        {
          "type": "patreon",
          "url": "https://www.patreon.com/feross"
        },
        {
          "type": "consulting",
          "url": "https://feross.org/support"
        }
      ]
    },
    "node_modules/read-cache": {
      "version": "1.0.0",
      "resolved": "https://registry.npmjs.org/read-cache/-/read-cache-1.0.0.tgz",
      "integrity": "sha512-O+4K2i+01/i1t+k2o2hEhaK8wJ3vI2eQmbbg4FVrLd0QyKNmC2d+S2QSP2aYCeG2s1pbNfInhpK+4GzTVH3sDA==",
      "dev": true,
      "dependencies": {
        "pify": "^2.3.0"
      }
    },
    "node_modules/readdirp": {
      "version": "3.6.0",
      "resolved": "https://registry.npmjs.org/readdirp/-/readdirp-3.6.0.tgz",
      "integrity": "sha512-hOS089on8Rduqdbw5L+pYnb2SklESqNsMCNAEl9OSG0GAI6I1M7+vQkSqVQvVayrCEoAsAatXz3KP2zaG+c3PA==",
      "dev": true,
      "dependencies": {
        "picomatch": "^2.2.1"
      },
      "engines": {
        "node": ">=8.10.0"
      }
    },
    "node_modules/resolve": {
      "version": "1.22.8",
      "resolved": "https://registry.npmjs.org/resolve/-/resolve-1.22.8.tgz",
      "integrity": "sha512-oKWePCxqpd6FlLvGV1VU0x7bkPmmCNCS2eB6bPmy2ccnzkbyg1pNJlAo9OLpMH9T3HqgV1MAAb1dDpsDcNZ9NA==",
      "dev": true,
      "dependencies": {
        "is-core-module": "^2.11.0",
        "path-parse": "^1.0.7",
        "supports-preserve-symlinks-flag": "^1.0.0"
      },
      "bin": {
        "resolve": "bin/resolve"
      },
      "funding": {
        "url": "https://github.com/sponsors/ljharb"
      }
    },
    "node_modules/run-parallel": {
      "version": "1.2.0",
      "resolved": "https://registry.npmjs.org/run-parallel/-/run-parallel-1.2.0.tgz",
      "integrity": "sha512-5l42uLIs3qB226g//5112iU+iTcfIsuX5sJkL8a5zr41R1rpwDbrR5a4DIa5I3l4Qe35xMEc8qD3B432YwUoQ==",
      "dev": true,
      "funding": [
        {
          "type": "github",
          "url": "https://github.com/sponsors/feross"
        },
        {
          "type": "patreon",
          "url": "https://www.patreon.com/feross"
        },
        {
          "type": "consulting",
          "url": "https://feross.org/support"
        }
      ],
      "dependencies": {
        "queue-microtask": "^1.2.2"
      }
    },
    "node_modules/source-map-js": {
      "version": "1.2.0",
      "resolved": "https://registry.npmjs.org/source-map-js/-/source-map-js-1.2.0.tgz",
      "integrity": "sha512-I6bPa722k1ppTss8dpr49HTPSs27FwuzNHhS3YdM6z4A3h2k3k/g74V3TImN2LhW9sLwYqB4353aTz3iDg02wA==",
      "dev": true,
      "engines": {
        "node": ">=0.10.0"
      }
    },
    "node_modules/sucrase": {
      "version": "3.35.0",
      "resolved": "https://registry.npmjs.org/sucrase/-/sucrase-3.35.0.tgz",
      "integrity": "sha512-494Q1YyF2JkvCH35aA258q448DEdZ+f3vo3t4T2oJv62EeqMYwOVAFGSt00aM5kvsN2P2i0TSHNpQfLzaa2y2A==",
      "dev": true,
      "dependencies": {
        "@jridgewell/gen-mapping": "^0.3.5",
        "commander": "^4.0.0",
        "fast-glob": "^3.2.11",
        "lines-and-columns": "^1.2.4",
        "pirates": "^4.0.5",
        "ts-interface-checker": "^0.1.13"
      },
      "bin": {
        "sucrase": "bin/sucrase",
        "sucrase-node": "bin/sucrase-node"
      },
      "engines": {
        "node": ">=12"
      }
    },
    "node_modules/supports-preserve-symlinks-flag": {
      "version": "1.0.0",
      "resolved": "https://registry.npmjs.org/supports-preserve-symlinks-flag/-/supports-preserve-symlinks-flag-1.0.0.tgz",
      "integrity": "sha512-ot0WnSXPJeGSPV1AWk3Uq3Vp6wF1+G3zTT2pk51FN0cGLIoM3IOa+zclcawax/7l4XyssEEeRTKGtt5fA9S8rg==",
      "dev": true,
      "engines": {
        "node": ">= 0.4"
      },
      "funding": {
        "url": "https://github.com/sponsors/ljharb"
      }
    },
    "node_modules/tailwindcss": {
      "version": "3.4.3",
      "resolved": "https://registry.npmjs.org/tailwindcss/-/tailwindcss-3.4.3.tgz",
      "integrity": "sha512-o/g3oKj1w4N3D1YJ42yxob+5VYfUa4c2hP09NDYwpl1aVd9PEwD2kibIp2iWdK2LgVjAAL0lTN+gaa2T2Rk92A==",
      "dev": true,
      "dependencies": {
        "arg": "^5.0.2",
        "chokidar": "^3.5.3",
        "didyoumean": "^1.2.2",
        "dlv": "^1.1.3",
        "fast-glob": "^3.3.2",
        "glob-parent": "^6.0.2",
        "is-glob": "^4.0.3",
        "lilconfig": "^2.1.0",
        "micromatch": "^4.0.8",
        "normalize-path": "^3.0.0",
        "object-hash": "^3.0.0",
        "picocolors": "^1.0.0",
        "postcss": "^8.4.31",
        "postcss-import": "^15.1.0",
        "postcss-js": "^4.0.1",
        "postcss-load-config": "^4.0.1",
        "postcss-nested": "^6.0.1",
        "postcss-selector-parser": "^6.0.13",
        "resolve": "^1.22.8",
        "sucrase": "^3.34.0"
      },
      "bin": {
        "tailwind": "lib/cli.js",
        "tailwindcss": "lib/cli.js"
      },
      "engines": {
        "node": ">=16.14.0"
      }
    },
    "node_modules/to-regex-range": {
      "version": "5.0.1",
      "resolved": "https://registry.npmjs.org/to-regex-range/-/to-regex-range-5.0.1.tgz",
      "integrity": "sha512-65256cAH20wZro3ptsOd08JT17o2EaNU6B5+1cZGNDyPK/s3S93jB1wA4A9myA3fVjVXWMtLtrZyoM1G18ePaA==",
      "dev": true,
      "dependencies": {
        "is-number": "^7.0.0"
      },
      "engines": {
        "node": ">=8"
      }
    },
    "node_modules/yaml": {
      "version": "2.4.2",
      "resolved": "https://registry.npmjs.org/yaml/-/yaml-2.4.2.tgz",
      "integrity": "sha512-Bv4QrqP57G2+4KjASf+4z2Kx+5t5M2S12j22b40CDj5GKSdMKa1h3wQ2mm1b2sMyCLVOSl2us2lK4s232A2m5g==",
      "dev": true,
      "engines": {
        "node": ">= 14"
      }
    }
  }
}
