
Microsoft Visual Studio Solution File, Format Version 12.00
# Visual Studio Version 17
VisualStudioVersion = 17.6.33829.357
MinimumVisualStudioVersion = 10.0.40219.1
Project("{FAE04EC0-301F-11D3-BF4B-00C04F79EFBC}") = "WinMemoryCleaner", "WinMemoryCleaner.csproj", "{D1FE3A0A-FD12-42A0-AD98-16B9D3F4E14E}"
EndProject
Project("{2150E333-8FDC-42A3-9474-1A3956D46DE8}") = "Solution Items", "Solution Items", "{7298ECB1-BFCC-465B-93AA-7A2705A874DA}"
	ProjectSection(SolutionItems) = preProject
		..\README.md = ..\README.md
	EndProjectSection
EndProject
Project("{2150E333-8FDC-42A3-9474-1A3956D46DE8}") = ".winget", ".winget", "{02EA681E-C7D8-13C7-8484-4AC65E1B71E8}"
	ProjectSection(SolutionItems) = preProject
		..\.winget\WinMemoryCleaner.installer.yaml = ..\.winget\WinMemoryCleaner.installer.yaml
		..\.winget\WinMemoryCleaner.yaml = ..\.winget\WinMemoryCleaner.yaml
	EndProjectSection
EndProject
Global
	GlobalSection(SolutionConfigurationPlatforms) = preSolution
		Debug|Any CPU = Debug|Any CPU
		Release|Any CPU = Release|Any CPU
	EndGlobalSection
	GlobalSection(ProjectConfigurationPlatforms) = postSolution
		{D1FE3A0A-FD12-42A0-AD98-16B9D3F4E14E}.Debug|Any CPU.ActiveCfg = Debug|Any CPU
		{D1FE3A0A-FD12-42A0-AD98-16B9D3F4E14E}.Debug|Any CPU.Build.0 = Debug|Any CPU
		{D1FE3A0A-FD12-42A0-AD98-16B9D3F4E14E}.Release|Any CPU.ActiveCfg = Release|Any CPU
		{D1FE3A0A-FD12-42A0-AD98-16B9D3F4E14E}.Release|Any CPU.Build.0 = Release|Any CPU
	EndGlobalSection
	GlobalSection(SolutionProperties) = preSolution
		HideSolutionNode = FALSE
	EndGlobalSection
	GlobalSection(NestedProjects) = preSolution
		{02EA681E-C7D8-13C7-8484-4AC65E1B71E8} = {7298ECB1-BFCC-465B-93AA-7A2705A874DA}
	EndGlobalSection
	GlobalSection(ExtensibilityGlobals) = postSolution
		SolutionGuid = {EEA9A17F-0E28-4745-A95D-EFA18B5969DC}
	EndGlobalSection
EndGlobal
